# This file is automatically @generated by Cargo.
# It is not intended for manual editing.
version = 4

[[package]]
name = "ployz"
version = "0.1.0"
dependencies = [
 "ployz-core",
 "ployz-testkit",
]

[[package]]
name = "ployz-core"
version = "0.1.0"

[[package]]
name = "ployz-testkit"
version = "0.1.0"

[[package]]
name = "ployzd"
version = "0.1.0"
dependencies = [
 "ployz-core",
 "ployz-testkit",
]
